
Microsoft Visual Studio Solution File, Format Version 12.00
# Visual Studio Version 17
VisualStudioVersion = 17.4.33213.308
MinimumVisualStudioVersion = 10.0.40219.1
Project("{FAE04EC0-301F-11D3-BF4B-00C04F79EFBC}") = "modul4_1302210098", "modul4_1302210098\modul4_1302210098.csproj", "{C7481E88-B6AB-4237-B78D-07295497A3C2}"
EndProject
Global
	GlobalSection(SolutionConfigurationPlatforms) = preSolution
		Debug|Any CPU = Debug|Any CPU
		Release|Any CPU = Release|Any CPU
	EndGlobalSection
	GlobalSection(ProjectConfigurationPlatforms) = postSolution
		{C7481E88-B6AB-4237-B78D-07295497A3C2}.Debug|Any CPU.ActiveCfg = Debug|Any CPU
		{C7481E88-B6AB-4237-B78D-07295497A3C2}.Debug|Any CPU.Build.0 = Debug|Any CPU
		{C7481E88-B6AB-4237-B78D-07295497A3C2}.Release|Any CPU.ActiveCfg = Release|Any CPU
		{C7481E88-B6AB-4237-B78D-07295497A3C2}.Release|Any CPU.Build.0 = Release|Any CPU
	EndGlobalSection
	GlobalSection(SolutionProperties) = preSolution
		HideSolutionNode = FALSE
	EndGlobalSection
	GlobalSection(ExtensibilityGlobals) = postSolution
		SolutionGuid = {060D2124-6B60-4E29-AABA-F45B6C93B09A}
	EndGlobalSection
EndGlobal
